{
  "name": "neutrino-preset-flow",
  "version": "0.0.2",
  "lockfileVersion": 1,
  "requires": true,
  "dependencies": {
    "@neutrinojs/loader-merge": {
      "version": "8.0.18",
      "resolved": "https://registry.npmjs.org/@neutrinojs/loader-merge/-/loader-merge-8.0.18.tgz",
      "integrity": "sha512-g/HyRDYlURKu2q4qKxdT1QS8oKFacRLCHzqmyuC0PkkYi5cJ5FyCzBZW6MkN7TfAsWXIVrDuggThsLXXY2SFsA==",
      "requires": {
        "deepmerge": "1.5.2"
      },
      "dependencies": {
        "deepmerge": {
          "version": "1.5.2",
          "resolved": "https://registry.npmjs.org/deepmerge/-/deepmerge-1.5.2.tgz",
          "integrity": "sha512-95k0GDqvBjZavkuvzx/YqVLv/6YYa17fz6ILMSf7neqQITCPbnfEnQvEgMPNjH4kgobe7+WIL0yJEHku+H3qtQ=="
        }
      }
    },
    "babel-plugin-syntax-flow": {
      "version": "6.18.0",
      "resolved": "https://registry.npmjs.org/babel-plugin-syntax-flow/-/babel-plugin-syntax-flow-6.18.0.tgz",
      "integrity": "sha1-TDqyCiryaqIM0lmVw5jE63AxDI0="
    },
    "babel-plugin-transform-flow-strip-types": {
      "version": "6.22.0",
      "resolved": "https://registry.npmjs.org/babel-plugin-transform-flow-strip-types/-/babel-plugin-transform-flow-strip-types-6.22.0.tgz",
      "integrity": "sha1-hMtnKTXUNxT9wyvOhFaNh0Qc988=",
      "requires": {
        "babel-plugin-syntax-flow": "6.18.0",
        "babel-runtime": "6.26.0"
      }
    },
    "babel-preset-flow": {
      "version": "6.23.0",
      "resolved": "https://registry.npmjs.org/babel-preset-flow/-/babel-preset-flow-6.23.0.tgz",
      "integrity": "sha1-5xIYiHCFrpoktb5Baa/7WZgWxJ0=",
      "requires": {
        "babel-plugin-transform-flow-strip-types": "6.22.0"
      }
    },
    "babel-runtime": {
      "version": "6.26.0",
      "resolved": "https://registry.npmjs.org/babel-runtime/-/babel-runtime-6.26.0.tgz",
      "integrity": "sha1-llxwWGaOgrVde/4E/yM3vItWR/4=",
      "requires": {
        "core-js": "2.5.3",
        "regenerator-runtime": "0.11.1"
      }
    },
    "core-js": {
      "version": "2.5.3",
      "resolved": "https://registry.npmjs.org/core-js/-/core-js-2.5.3.tgz",
      "integrity": "sha1-isw4NFgk8W2DZbfJtCWRaOjtYD4="
    },
    "deepmerge": {
      "version": "2.0.1",
      "resolved": "https://registry.npmjs.org/deepmerge/-/deepmerge-2.0.1.tgz",
      "integrity": "sha512-VIPwiMJqJ13ZQfaCsIFnp5Me9tnjURiaIFxfz7EH0Ci0dTSQpZtSLrqOicXqEd/z2r+z+Klk9GzmnRsgpgbOsQ=="
    },
    "eslint-plugin-flowtype": {
      "version": "2.41.0",
      "resolved": "https://registry.npmjs.org/eslint-plugin-flowtype/-/eslint-plugin-flowtype-2.41.0.tgz",
      "integrity": "sha512-M5X6qu/zvvXQ7flXp9plyBRlNRMQGNl3c+kQmox+m/jpnCZt0txgauxcrBKAVa9LKE/hBnsItJ9BojdmkefAkA==",
      "requires": {
        "lodash": "4.17.4"
      }
    },
    "eslint-plugin-flowtype-errors": {
      "version": "3.3.7",
      "resolved": "https://registry.npmjs.org/eslint-plugin-flowtype-errors/-/eslint-plugin-flowtype-errors-3.3.7.tgz",
      "integrity": "sha512-3z+qLirIZ+KnpB8x85f9viEy8Nl1kq10ULL0iEfG/WsFgafw1NL8XivxYdzdtf6JMVjf07fuhnP/Yx0CunolXA==",
      "requires": {
        "babel-runtime": "6.26.0",
        "slash": "1.0.0"
      }
    },
    "flow-bin": {
      "version": "0.63.1",
      "resolved": "https://registry.npmjs.org/flow-bin/-/flow-bin-0.63.1.tgz",
      "integrity": "sha512-aWKHYs3UECgpwrIDVUiABjSC8dgaKmonymQDWO+6FhGcp9lnnxdDBE6Sfm3F7YaRPfLYsWAY4lndBrfrfyn+9g=="
    },
    "lodash": {
      "version": "4.17.4",
      "resolved": "https://registry.npmjs.org/lodash/-/lodash-4.17.4.tgz",
      "integrity": "sha1-eCA6TRwyiuHYbcpkYONptX9AVa4="
    },
    "regenerator-runtime": {
      "version": "0.11.1",
      "resolved": "https://registry.npmjs.org/regenerator-runtime/-/regenerator-runtime-0.11.1.tgz",
      "integrity": "sha512-MguG95oij0fC3QV3URf4V2SDYGJhJnJGqvIIgdECeODCT98wSWDAJ94SSuVpYQUoTcGUIL6L4yNB7j1DFFHSBg=="
    },
    "slash": {
      "version": "1.0.0",
      "resolved": "https://registry.npmjs.org/slash/-/slash-1.0.0.tgz",
      "integrity": "sha1-xB8vbDn8FtHNF61LXYlhFK5HDVU="
    }
  }
}
